{
  "name": "@supa-magic/spm",
  "version": "0.1.0",
  "lockfileVersion": 3,
  "requires": true,
  "packages": {
    "": {
      "name": "@supa-magic/spm",
      "version": "0.1.0",
      "license": "MIT",
      "bin": {
        "spm": "dist/bin/spm.js"
      },
      "engines": {
        "node": ">=18"
      }
    }
  }
}
